
Microsoft Visual Studio Solution File, Format Version 12.00
# Visual Studio Version 16
Project("{8BC9CEB8-8B4A-11D0-8D11-00A0C91BC942}") = "ALL_BUILD", "ALL_BUILD.vcxproj", "{56606F13-DDEF-37A1-819E-4A3E633F535C}"
	ProjectSection(ProjectDependencies) = postProject
		{19475A4F-F702-3FFA-B5C1-0297E42CA4AB} = {19475A4F-F702-3FFA-B5C1-0297E42CA4AB}
		{C5DA9F70-6A1A-3FB8-AC21-3A982890B576} = {C5DA9F70-6A1A-3FB8-AC21-3A982890B576}
	EndProjectSection
EndProject
Project("{8BC9CEB8-8B4A-11D0-8D11-00A0C91BC942}") = "AuctionApplication.elf", "AuctionApplication.elf.vcxproj", "{19475A4F-F702-3FFA-B5C1-0297E42CA4AB}"
	ProjectSection(ProjectDependencies) = postProject
		{C5DA9F70-6A1A-3FB8-AC21-3A982890B576} = {C5DA9F70-6A1A-3FB8-AC21-3A982890B576}
	EndProjectSection
EndProject
Project("{8BC9CEB8-8B4A-11D0-8D11-00A0C91BC942}") = "ZERO_CHECK", "ZERO_CHECK.vcxproj", "{C5DA9F70-6A1A-3FB8-AC21-3A982890B576}"
	ProjectSection(ProjectDependencies) = postProject
	EndProjectSection
EndProject
Global
	GlobalSection(SolutionConfigurationPlatforms) = preSolution
		Debug|x64 = Debug|x64
		Release|x64 = Release|x64
		MinSizeRel|x64 = MinSizeRel|x64
		RelWithDebInfo|x64 = RelWithDebInfo|x64
	EndGlobalSection
	GlobalSection(ProjectConfigurationPlatforms) = postSolution
		{56606F13-DDEF-37A1-819E-4A3E633F535C}.Debug|x64.ActiveCfg = Debug|x64
		{56606F13-DDEF-37A1-819E-4A3E633F535C}.Release|x64.ActiveCfg = Release|x64
		{56606F13-DDEF-37A1-819E-4A3E633F535C}.MinSizeRel|x64.ActiveCfg = MinSizeRel|x64
		{56606F13-DDEF-37A1-819E-4A3E633F535C}.RelWithDebInfo|x64.ActiveCfg = RelWithDebInfo|x64
		{19475A4F-F702-3FFA-B5C1-0297E42CA4AB}.Debug|x64.ActiveCfg = Debug|x64
		{19475A4F-F702-3FFA-B5C1-0297E42CA4AB}.Debug|x64.Build.0 = Debug|x64
		{19475A4F-F702-3FFA-B5C1-0297E42CA4AB}.Release|x64.ActiveCfg = Release|x64
		{19475A4F-F702-3FFA-B5C1-0297E42CA4AB}.Release|x64.Build.0 = Release|x64
		{19475A4F-F702-3FFA-B5C1-0297E42CA4AB}.MinSizeRel|x64.ActiveCfg = MinSizeRel|x64
		{19475A4F-F702-3FFA-B5C1-0297E42CA4AB}.MinSizeRel|x64.Build.0 = MinSizeRel|x64
		{19475A4F-F702-3FFA-B5C1-0297E42CA4AB}.RelWithDebInfo|x64.ActiveCfg = RelWithDebInfo|x64
		{19475A4F-F702-3FFA-B5C1-0297E42CA4AB}.RelWithDebInfo|x64.Build.0 = RelWithDebInfo|x64
		{C5DA9F70-6A1A-3FB8-AC21-3A982890B576}.Debug|x64.ActiveCfg = Debug|x64
		{C5DA9F70-6A1A-3FB8-AC21-3A982890B576}.Debug|x64.Build.0 = Debug|x64
		{C5DA9F70-6A1A-3FB8-AC21-3A982890B576}.Release|x64.ActiveCfg = Release|x64
		{C5DA9F70-6A1A-3FB8-AC21-3A982890B576}.Release|x64.Build.0 = Release|x64
		{C5DA9F70-6A1A-3FB8-AC21-3A982890B576}.MinSizeRel|x64.ActiveCfg = MinSizeRel|x64
		{C5DA9F70-6A1A-3FB8-AC21-3A982890B576}.MinSizeRel|x64.Build.0 = MinSizeRel|x64
		{C5DA9F70-6A1A-3FB8-AC21-3A982890B576}.RelWithDebInfo|x64.ActiveCfg = RelWithDebInfo|x64
		{C5DA9F70-6A1A-3FB8-AC21-3A982890B576}.RelWithDebInfo|x64.Build.0 = RelWithDebInfo|x64
	EndGlobalSection
	GlobalSection(ExtensibilityGlobals) = postSolution
		SolutionGuid = {03950688-6BF2-30D8-84EB-8A0F8A67605B}
	EndGlobalSection
	GlobalSection(ExtensibilityAddIns) = postSolution
	EndGlobalSection
EndGlobal
